
Microsoft Visual Studio Solution File, Format Version 12.00
# Visual Studio Version 17
VisualStudioVersion = 17.3.32922.545
MinimumVisualStudioVersion = 10.0.40219.1
Project("{8BC9CEB8-8B4A-11D0-8D11-00A0C91BC942}") = "ATM DÖNGÜSÜ", "ATM DÖNGÜSÜ\ATM DÖNGÜSÜ.vcxproj", "{F2475076-2255-4055-8770-8AD16130698A}"
EndProject
Global
	GlobalSection(SolutionConfigurationPlatforms) = preSolution
		Debug|x64 = Debug|x64
		Debug|x86 = Debug|x86
		Release|x64 = Release|x64
		Release|x86 = Release|x86
	EndGlobalSection
	GlobalSection(ProjectConfigurationPlatforms) = postSolution
		{F2475076-2255-4055-8770-8AD16130698A}.Debug|x64.ActiveCfg = Debug|x64
		{F2475076-2255-4055-8770-8AD16130698A}.Debug|x64.Build.0 = Debug|x64
		{F2475076-2255-4055-8770-8AD16130698A}.Debug|x86.ActiveCfg = Debug|Win32
		{F2475076-2255-4055-8770-8AD16130698A}.Debug|x86.Build.0 = Debug|Win32
		{F2475076-2255-4055-8770-8AD16130698A}.Release|x64.ActiveCfg = Release|x64
		{F2475076-2255-4055-8770-8AD16130698A}.Release|x64.Build.0 = Release|x64
		{F2475076-2255-4055-8770-8AD16130698A}.Release|x86.ActiveCfg = Release|Win32
		{F2475076-2255-4055-8770-8AD16130698A}.Release|x86.Build.0 = Release|Win32
	EndGlobalSection
	GlobalSection(SolutionProperties) = preSolution
		HideSolutionNode = FALSE
	EndGlobalSection
	GlobalSection(ExtensibilityGlobals) = postSolution
		SolutionGuid = {79588880-B287-49E9-9E09-0AF44C0E8844}
	EndGlobalSection
EndGlobal
